
Microsoft Visual Studio Solution File, Format Version 12.00
# Visual Studio Version 17
VisualStudioVersion = 17.4.33110.190
MinimumVisualStudioVersion = 10.0.40219.1
Project("{FAE04EC0-301F-11D3-BF4B-00C04F79EFBC}") = "ClassLibrary", "ClassLibrary\ClassLibrary.csproj", "{545F6EE6-4F0D-489B-8EE3-073651D0A079}"
EndProject
Global
	GlobalSection(SolutionConfigurationPlatforms) = preSolution
		Debug|Any CPU = Debug|Any CPU
		Release|Any CPU = Release|Any CPU
	EndGlobalSection
	GlobalSection(ProjectConfigurationPlatforms) = postSolution
		{545F6EE6-4F0D-489B-8EE3-073651D0A079}.Debug|Any CPU.ActiveCfg = Debug|Any CPU
		{545F6EE6-4F0D-489B-8EE3-073651D0A079}.Debug|Any CPU.Build.0 = Debug|Any CPU
		{545F6EE6-4F0D-489B-8EE3-073651D0A079}.Release|Any CPU.ActiveCfg = Release|Any CPU
		{545F6EE6-4F0D-489B-8EE3-073651D0A079}.Release|Any CPU.Build.0 = Release|Any CPU
	EndGlobalSection
	GlobalSection(SolutionProperties) = preSolution
		HideSolutionNode = FALSE
	EndGlobalSection
	GlobalSection(ExtensibilityGlobals) = postSolution
		SolutionGuid = {1D679105-1B2F-4215-BB4F-39B8DB3AFA38}
	EndGlobalSection
EndGlobal
